
Microsoft Visual Studio Solution File, Format Version 12.00
# Visual Studio Version 17
VisualStudioVersion = 17.4.33103.184
MinimumVisualStudioVersion = 10.0.40219.1
Project("{FAE04EC0-301F-11D3-BF4B-00C04F79EFBC}") = "OpenTKBase", "OpenTKBase.csproj", "{7377C871-965B-4C1C-A0B0-5A53130EE330}"
EndProject
Global
	GlobalSection(SolutionConfigurationPlatforms) = preSolution
		Debug|Any CPU = Debug|Any CPU
		Release|Any CPU = Release|Any CPU
	EndGlobalSection
	GlobalSection(ProjectConfigurationPlatforms) = postSolution
		{7377C871-965B-4C1C-A0B0-5A53130EE330}.Debug|Any CPU.ActiveCfg = Debug|Any CPU
		{7377C871-965B-4C1C-A0B0-5A53130EE330}.Debug|Any CPU.Build.0 = Debug|Any CPU
		{7377C871-965B-4C1C-A0B0-5A53130EE330}.Release|Any CPU.ActiveCfg = Release|Any CPU
		{7377C871-965B-4C1C-A0B0-5A53130EE330}.Release|Any CPU.Build.0 = Release|Any CPU
	EndGlobalSection
	GlobalSection(SolutionProperties) = preSolution
		HideSolutionNode = FALSE
	EndGlobalSection
	GlobalSection(ExtensibilityGlobals) = postSolution
		SolutionGuid = {FAB60377-4B60-4570-886A-AC950EACF5E7}
	EndGlobalSection
EndGlobal
